// !$*UTF8*$!
{
	archiveVersion = 1;
	classes = {
	};
	objectVersion = 46;
	objects = {

/* Begin PBXBuildFile section */
		1806B4EA1900B5CA00315B0A /* Foundation.framework in Frameworks */ = {isa = PBXBuildFile; fileRef = 1806B4E91900B5CA00315B0A /* Foundation.framework */; };
		1806B4EC1900B5CA00315B0A /* CoreGraphics.framework in Frameworks */ = {isa = PBXBuildFile; fileRef = 1806B4EB1900B5CA00315B0A /* CoreGraphics.framework */; };
		1806B4EE1900B5CA00315B0A /* UIKit.framework in Frameworks */ = {isa = PBXBuildFile; fileRef = 1806B4ED1900B5CA00315B0A /* UIKit.framework */; };
		1806B4F41900B5CA00315B0A /* InfoPlist.strings in Resources */ = {isa = PBXBuildFile; fileRef = 1806B4F21900B5CA00315B0A /* InfoPlist.strings */; };
		1806B4F61900B5CA00315B0A /* main.m in Sources */ = {isa = PBXBuildFile; fileRef = 1806B4F51900B5CA00315B0A /* main.m */; };
		1806B4FA1900B5CA00315B0A /* AppDelegate.m in Sources */ = {isa = PBXBuildFile; fileRef = 1806B4F91900B5CA00315B0A /* AppDelegate.m */; };
		1806B4FC1900B5CA00315B0A /* Images.xcassets in Resources */ = {isa = PBXBuildFile; fileRef = 1806B4FB1900B5CA00315B0A /* Images.xcassets */; };
		1806B5031900B5CA00315B0A /* XCTest.framework in Frameworks */ = {isa = PBXBuildFile; fileRef = 1806B5021900B5CA00315B0A /* XCTest.framework */; };
		1806B5041900B5CA00315B0A /* Foundation.framework in Frameworks */ = {isa = PBXBuildFile; fileRef = 1806B4E91900B5CA00315B0A /* Foundation.framework */; };
		1806B5051900B5CA00315B0A /* UIKit.framework in Frameworks */ = {isa = PBXBuildFile; fileRef = 1806B4ED1900B5CA00315B0A /* UIKit.framework */; };
		1806B50D1900B5CA00315B0A /* InfoPlist.strings in Resources */ = {isa = PBXBuildFile; fileRef = 1806B50B1900B5CA00315B0A /* InfoPlist.strings */; };
		1806B50F1900B5CA00315B0A /* GPS_MapTests.m in Sources */ = {isa = PBXBuildFile; fileRef = 1806B50E1900B5CA00315B0A /* GPS_MapTests.m */; };
/* End PBXBuildFile section */

/* Begin PBXContainerItemProxy section */
		1806B5061900B5CA00315B0A /* PBXContainerItemProxy */ = {
			isa = PBXContainerItemProxy;
			containerPortal = 1806B4DE1900B5CA00315B0A /* Project object */;
			proxyType = 1;
			remoteGlobalIDString = 1806B4E51900B5CA00315B0A;
			remoteInfo = "GPS&Map";
		};
/* End PBXContainerItemProxy section */

/* Begin PBXFileReference section */
		1806B4E61900B5CA00315B0A /* GPS&Map.app */ = {isa = PBXFileReference; explicitFileType = wrapper.application; includeInIndex = 0; path = "GPS&Map.app"; sourceTree = BUILT_PRODUCTS_DIR; };
		1806B4E91900B5CA00315B0A /* Foundation.framework */ = {isa = PBXFileReference; lastKnownFileType = wrapper.framework; name = Foundation.framework; path = System/Library/Frameworks/Foundation.framework; sourceTree = SDKROOT; };
		1806B4EB1900B5CA00315B0A /* CoreGraphics.framework */ = {isa = PBXFileReference; lastKnownFileType = wrapper.framework; name = CoreGraphics.framework; path = System/Library/Frameworks/CoreGraphics.framework; sourceTree = SDKROOT; };
		1806B4ED1900B5CA00315B0A /* UIKit.framework */ = {isa = PBXFileReference; lastKnownFileType = wrapper.framework; name = UIKit.framework; path = System/Library/Frameworks/UIKit.framework; sourceTree = SDKROOT; };
		1806B4F11900B5CA00315B0A /* GPS&Map-Info.plist */ = {isa = PBXFileReference; lastKnownFileType = text.plist.xml; path = "GPS&Map-Info.plist"; sourceTree = "<group>"; };
		1806B4F31900B5CA00315B0A /* en */ = {isa = PBXFileReference; lastKnownFileType = text.plist.strings; name = en; path = en.lproj/InfoPlist.strings; sourceTree = "<group>"; };
		1806B4F51900B5CA00315B0A /* main.m */ = {isa = PBXFileReference; lastKnownFileType = sourcecode.c.objc; path = main.m; sourceTree = "<group>"; };
		1806B4F71900B5CA00315B0A /* GPS&Map-Prefix.pch */ = {isa = PBXFileReference; lastKnownFileType = sourcecode.c.h; path = "GPS&Map-Prefix.pch"; sourceTree = "<group>"; };
		1806B4F81900B5CA00315B0A /* AppDelegate.h */ = {isa = PBXFileReference; lastKnownFileType = sourcecode.c.h; path = AppDelegate.h; sourceTree = "<group>"; };
		1806B4F91900B5CA00315B0A /* AppDelegate.m */ = {isa = PBXFileReference; lastKnownFileType = sourcecode.c.objc; path = AppDelegate.m; sourceTree = "<group>"; };
		1806B4FB1900B5CA00315B0A /* Images.xcassets */ = {isa = PBXFileReference; lastKnownFileType = folder.assetcatalog; path = Images.xcassets; sourceTree = "<group>"; };
		1806B5011900B5CA00315B0A /* GPS&MapTests.xctest */ = {isa = PBXFileReference; explicitFileType = wrapper.cfbundle; includeInIndex = 0; path = "GPS&MapTests.xctest"; sourceTree = BUILT_PRODUCTS_DIR; };
		1806B5021900B5CA00315B0A /* XCTest.framework */ = {isa = PBXFileReference; lastKnownFileType = wrapper.framework; name = XCTest.framework; path = Library/Frameworks/XCTest.framework; sourceTree = DEVELOPER_DIR; };
		1806B50A1900B5CA00315B0A /* GPS&MapTests-Info.plist */ = {isa = PBXFileReference; lastKnownFileType = text.plist.xml; path = "GPS&MapTests-Info.plist"; sourceTree = "<group>"; };
		1806B50C1900B5CA00315B0A /* en */ = {isa = PBXFileReference; lastKnownFileType = text.plist.strings; name = en; path = en.lproj/InfoPlist.strings; sourceTree = "<group>"; };
		1806B50E1900B5CA00315B0A /* GPS_MapTests.m */ = {isa = PBXFileReference; lastKnownFileType = sourcecode.c.objc; path = GPS_MapTests.m; sourceTree = "<group>"; };
/* End PBXFileReference section */

/* Begin PBXFrameworksBuildPhase section */
		1806B4E31900B5CA00315B0A /* Frameworks */ = {
			isa = PBXFrameworksBuildPhase;
			buildActionMask = 2147483647;
			files = (
				1806B4EC1900B5CA00315B0A /* CoreGraphics.framework in Frameworks */,
				1806B4EE1900B5CA00315B0A /* UIKit.framework in Frameworks */,
				1806B4EA1900B5CA00315B0A /* Foundation.framework in Frameworks */,
			);
			runOnlyForDeploymentPostprocessing = 0;
		};
		1806B4FE1900B5CA00315B0A /* Frameworks */ = {
			isa = PBXFrameworksBuildPhase;
			buildActionMask = 2147483647;
			files = (
				1806B5031900B5CA00315B0A /* XCTest.framework in Frameworks */,
				1806B5051900B5CA00315B0A /* UIKit.framework in Frameworks */,
				1806B5041900B5CA00315B0A /* Foundation.framework in Frameworks */,
			);
			runOnlyForDeploymentPostprocessing = 0;
		};
/* End PBXFrameworksBuildPhase section */

/* Begin PBXGroup section */
		1806B4DD1900B5CA00315B0A = {
			isa = PBXGroup;
			children = (
				1806B4EF1900B5CA00315B0A /* GPS&Map */,
				1806B5081900B5CA00315B0A /* GPS&MapTests */,
				1806B4E81900B5CA00315B0A /* Frameworks */,
				1806B4E71900B5CA00315B0A /* Products */,
			);
			sourceTree = "<group>";
		};
		1806B4E71900B5CA00315B0A /* Products */ = {
			isa = PBXGroup;
			children = (
				1806B4E61900B5CA00315B0A /* GPS&Map.app */,
				1806B5011900B5CA00315B0A /* GPS&MapTests.xctest */,
			);
			name = Products;
			sourceTree = "<group>";
		};
		1806B4E81900B5CA00315B0A /* Frameworks */ = {
			isa = PBXGroup;
			children = (
				1806B4E91900B5CA00315B0A /* Foundation.framework */,
				1806B4EB1900B5CA00315B0A /* CoreGraphics.framework */,
				1806B4ED1900B5CA00315B0A /* UIKit.framework */,
				1806B5021900B5CA00315B0A /* XCTest.framework */,
			);
			name = Frameworks;
			sourceTree = "<group>";
		};
		1806B4EF1900B5CA00315B0A /* GPS&Map */ = {
			isa = PBXGroup;
			children = (
				1806B4F81900B5CA00315B0A /* AppDelegate.h */,
				1806B4F91900B5CA00315B0A /* AppDelegate.m */,
				1806B4FB1900B5CA00315B0A /* Images.xcassets */,
				1806B4F01900B5CA00315B0A /* Supporting Files */,
			);
			path = "GPS&Map";
			sourceTree = "<group>";
		};
		1806B4F01900B5CA00315B0A /* Supporting Files */ = {
			isa = PBXGroup;
			children = (
				1806B4F11900B5CA00315B0A /* GPS&Map-Info.plist */,
				1806B4F21900B5CA00315B0A /* InfoPlist.strings */,
				1806B4F51900B5CA00315B0A /* main.m */,
				1806B4F71900B5CA00315B0A /* GPS&Map-Prefix.pch */,
			);
			name = "Supporting Files";
			sourceTree = "<group>";
		};
		1806B5081900B5CA00315B0A /* GPS&MapTests */ = {
			isa = PBXGroup;
			children = (
				1806B50E1900B5CA00315B0A /* GPS_MapTests.m */,
				1806B5091900B5CA00315B0A /* Supporting Files */,
			);
			path = "GPS&MapTests";
			sourceTree = "<group>";
		};
		1806B5091900B5CA00315B0A /* Supporting Files */ = {
			isa = PBXGroup;
			children = (
				1806B50A1900B5CA00315B0A /* GPS&MapTests-Info.plist */,
				1806B50B1900B5CA00315B0A /* InfoPlist.strings */,
			);
			name = "Supporting Files";
			sourceTree = "<group>";
		};
/* End PBXGroup section */

/* Begin PBXNativeTarget section */
		1806B4E51900B5CA00315B0A /* GPS&Map */ = {
			isa = PBXNativeTarget;
			buildConfigurationList = 1806B5121900B5CB00315B0A /* Build configuration list for PBXNativeTarget "GPS&Map" */;
			buildPhases = (
				1806B4E21900B5CA00315B0A /* Sources */,
				1806B4E31900B5CA00315B0A /* Frameworks */,
				1806B4E41900B5CA00315B0A /* Resources */,
			);
			buildRules = (
			);
			dependencies = (
			);
			name = "GPS&Map";
			productName = "GPS&Map";
			productReference = 1806B4E61900B5CA00315B0A /* GPS&Map.app */;
			productType = "com.apple.product-type.application";
		};
		1806B5001900B5CA00315B0A /* GPS&MapTests */ = {
			isa = PBXNativeTarget;
			buildConfigurationList = 1806B5151900B5CB00315B0A /* Build configuration list for PBXNativeTarget "GPS&MapTests" */;
			buildPhases = (
				1806B4FD1900B5CA00315B0A /* Sources */,
				1806B4FE1900B5CA00315B0A /* Frameworks */,
				1806B4FF1900B5CA00315B0A /* Resources */,
			);
			buildRules = (
			);
			dependencies = (
				1806B5071900B5CA00315B0A /* PBXTargetDependency */,
			);
			name = "GPS&MapTests";
			productName = "GPS&MapTests";
			productReference = 1806B5011900B5CA00315B0A /* GPS&MapTests.xctest */;
			productType = "com.apple.product-type.bundle.unit-test";
		};
/* End PBXNativeTarget section */

/* Begin PBXProject section */
		1806B4DE1900B5CA00315B0A /* Project object */ = {
			isa = PBXProject;
			attributes = {
				LastUpgradeCheck = 0500;
				ORGANIZATIONNAME = aofel;
				TargetAttributes = {
					1806B5001900B5CA00315B0A = {
						TestTargetID = 1806B4E51900B5CA00315B0A;
					};
				};
			};
			buildConfigurationList = 1806B4E11900B5CA00315B0A /* Build configuration list for PBXProject "GPS&Map" */;
			compatibilityVersion = "Xcode 3.2";
			developmentRegion = English;
			hasScannedForEncodings = 0;
			knownRegions = (
				en,
			);
			mainGroup = 1806B4DD1900B5CA00315B0A;
			productRefGroup = 1806B4E71900B5CA00315B0A /* Products */;
			projectDirPath = "";
			projectRoot = "";
			targets = (
				1806B4E51900B5CA00315B0A /* GPS&Map */,
				1806B5001900B5CA00315B0A /* GPS&MapTests */,
			);
		};
/* End PBXProject section */

/* Begin PBXResourcesBuildPhase section */
		1806B4E41900B5CA00315B0A /* Resources */ = {
			isa = PBXResourcesBuildPhase;
			buildActionMask = 2147483647;
			files = (
				1806B4F41900B5CA00315B0A /* InfoPlist.strings in Resources */,
				1806B4FC1900B5CA00315B0A /* Images.xcassets in Resources */,
			);
			runOnlyForDeploymentPostprocessing = 0;
		};
		1806B4FF1900B5CA00315B0A /* Resources */ = {
			isa = PBXResourcesBuildPhase;
			buildActionMask = 2147483647;
			files = (
				1806B50D1900B5CA00315B0A /* InfoPlist.strings in Resources */,
			);
			runOnlyForDeploymentPostprocessing = 0;
		};
/* End PBXResourcesBuildPhase section */

/* Begin PBXSourcesBuildPhase section */
		1806B4E21900B5CA00315B0A /* Sources */ = {
			isa = PBXSourcesBuildPhase;
			buildActionMask = 2147483647;
			files = (
				1806B4FA1900B5CA00315B0A /* AppDelegate.m in Sources */,
				1806B4F61900B5CA00315B0A /* main.m in Sources */,
			);
			runOnlyForDeploymentPostprocessing = 0;
		};
		1806B4FD1900B5CA00315B0A /* Sources */ = {
			isa = PBXSourcesBuildPhase;
			buildActionMask = 2147483647;
			files = (
				1806B50F1900B5CA00315B0A /* GPS_MapTests.m in Sources */,
			);
			runOnlyForDeploymentPostprocessing = 0;
		};
/* End PBXSourcesBuildPhase section */

/* Begin PBXTargetDependency section */
		1806B5071900B5CA00315B0A /* PBXTargetDependency */ = {
			isa = PBXTargetDependency;
			target = 1806B4E51900B5CA00315B0A /* GPS&Map */;
			targetProxy = 1806B5061900B5CA00315B0A /* PBXContainerItemProxy */;
		};
/* End PBXTargetDependency section */

/* Begin PBXVariantGroup section */
		1806B4F21900B5CA00315B0A /* InfoPlist.strings */ = {
			isa = PBXVariantGroup;
			children = (
				1806B4F31900B5CA00315B0A /* en */,
			);
			name = InfoPlist.strings;
			sourceTree = "<group>";
		};
		1806B50B1900B5CA00315B0A /* InfoPlist.strings */ = {
			isa = PBXVariantGroup;
			children = (
				1806B50C1900B5CA00315B0A /* en */,
			);
			name = InfoPlist.strings;
			sourceTree = "<group>";
		};
/* End PBXVariantGroup section */

/* Begin XCBuildConfiguration section */
		1806B5101900B5CB00315B0A /* Debug */ = {
			isa = XCBuildConfiguration;
			buildSettings = {
				ALWAYS_SEARCH_USER_PATHS = NO;
				ARCHS = "$(ARCHS_STANDARD_INCLUDING_64_BIT)";
				CLANG_CXX_LANGUAGE_STANDARD = "gnu++0x";
				CLANG_CXX_LIBRARY = "libc++";
				CLANG_ENABLE_MODULES = YES;
				CLANG_ENABLE_OBJC_ARC = YES;
				CLANG_WARN_BOOL_CONVERSION = YES;
				CLANG_WARN_CONSTANT_CONVERSION = YES;
				CLANG_WARN_DIRECT_OBJC_ISA_USAGE = YES_ERROR;
				CLANG_WARN_EMPTY_BODY = YES;
				CLANG_WARN_ENUM_CONVERSION = YES;
				CLANG_WARN_INT_CONVERSION = YES;
				CLANG_WARN_OBJC_ROOT_CLASS = YES_ERROR;
				CLANG_WARN__DUPLICATE_METHOD_MATCH = YES;
				"CODE_SIGN_IDENTITY[sdk=iphoneos*]" = "iPhone Developer";
				COPY_PHASE_STRIP = NO;
				GCC_C_LANGUAGE_STANDARD = gnu99;
				GCC_DYNAMIC_NO_PIC = NO;
				GCC_OPTIMIZATION_LEVEL = 0;
				GCC_PREPROCESSOR_DEFINITIONS = (
					"DEBUG=1",
					"$(inherited)",
				);
				GCC_SYMBOLS_PRIVATE_EXTERN = NO;
				GCC_WARN_64_TO_32_BIT_CONVERSION = YES;
				GCC_WARN_ABOUT_RETURN_TYPE = YES_ERROR;
				GCC_WARN_UNDECLARED_SELECTOR = YES;
				GCC_WARN_UNINITIALIZED_AUTOS = YES;
				GCC_WARN_UNUSED_FUNCTION = YES;
				GCC_WARN_UNUSED_VARIABLE = YES;
				IPHONEOS_DEPLOYMENT_TARGET = 7.0;
				ONLY_ACTIVE_ARCH = YES;
				SDKROOT = iphoneos;
				TARGETED_DEVICE_FAMILY = "1,2";
			};
			name = Debug;
		};
		1806B5111900B5CB00315B0A /* Release */ = {
			isa = XCBuildConfiguration;
			buildSettings = {
				ALWAYS_SEARCH_USER_PATHS = NO;
				ARCHS = "$(ARCHS_STANDARD_INCLUDING_64_BIT)";
				CLANG_CXX_LANGUAGE_STANDARD = "gnu++0x";
				CLANG_CXX_LIBRARY = "libc++";
				CLANG_ENABLE_MODULES = YES;
				CLANG_ENABLE_OBJC_ARC = YES;
				CLANG_WARN_BOOL_CONVERSION = YES;
				CLANG_WARN_CONSTANT_CONVERSION = YES;
				CLANG_WARN_DIRECT_OBJC_ISA_USAGE = YES_ERROR;
				CLANG_WARN_EMPTY_BODY = YES;
				CLANG_WARN_ENUM_CONVERSION = YES;
				CLANG_WARN_INT_CONVERSION = YES;
				CLANG_WARN_OBJC_ROOT_CLASS = YES_ERROR;
				CLANG_WARN__DUPLICATE_METHOD_MATCH = YES;
				"CODE_SIGN_IDENTITY[sdk=iphoneos*]" = "iPhone Developer";
				COPY_PHASE_STRIP = YES;
				ENABLE_NS_ASSERTIONS = NO;
				GCC_C_LANGUAGE_STANDARD = gnu99;
				GCC_WARN_64_TO_32_BIT_CONVERSION = YES;
				GCC_WARN_ABOUT_RETURN_TYPE = YES_ERROR;
				GCC_WARN_UNDECLARED_SELECTOR = YES;
				GCC_WARN_UNINITIALIZED_AUTOS = YES;
				GCC_WARN_UNUSED_FUNCTION = YES;
				GCC_WARN_UNUSED_VARIABLE = YES;
				IPHONEOS_DEPLOYMENT_TARGET = 7.0;
				SDKROOT = iphoneos;
				TARGETED_DEVICE_FAMILY = "1,2";
				VALIDATE_PRODUCT = YES;
			};
			name = Release;
		};
		1806B5131900B5CB00315B0A /* Debug */ = {
			isa = XCBuildConfiguration;
			buildSettings = {
				ASSETCATALOG_COMPILER_APPICON_NAME = AppIcon;
				ASSETCATALOG_COMPILER_LAUNCHIMAGE_NAME = LaunchImage;
				GCC_PRECOMPILE_PREFIX_HEADER = YES;
				GCC_PREFIX_HEADER = "GPS&Map/GPS&Map-Prefix.pch";
				INFOPLIST_FILE = "GPS&Map/GPS&Map-Info.plist";
				PRODUCT_NAME = "$(TARGET_NAME)";
				WRAPPER_EXTENSION = app;
			};
			name = Debug;
		};
		1806B5141900B5CB00315B0A /* Release */ = {
			isa = XCBuildConfiguration;
			buildSettings = {
				ASSETCATALOG_COMPILER_APPICON_NAME = AppIcon;
				ASSETCATALOG_COMPILER_LAUNCHIMAGE_NAME = LaunchImage;
				GCC_PRECOMPILE_PREFIX_HEADER = YES;
				GCC_PREFIX_HEADER = "GPS&Map/GPS&Map-Prefix.pch";
				INFOPLIST_FILE = "GPS&Map/GPS&Map-Info.plist";
				PRODUCT_NAME = "$(TARGET_NAME)";
				WRAPPER_EXTENSION = app;
			};
			name = Release;
		};
		1806B5161900B5CB00315B0A /* Debug */ = {
			isa = XCBuildConfiguration;
			buildSettings = {
				ARCHS = "$(ARCHS_STANDARD_INCLUDING_64_BIT)";
				BUNDLE_LOADER = "$(BUILT_PRODUCTS_DIR)/GPS&Map.app/GPS&Map";
				FRAMEWORK_SEARCH_PATHS = (
					"$(SDKROOT)/Developer/Library/Frameworks",
					"$(inherited)",
					"$(DEVELOPER_FRAMEWORKS_DIR)",
				);
				GCC_PRECOMPILE_PREFIX_HEADER = YES;
				GCC_PREFIX_HEADER = "GPS&Map/GPS&Map-Prefix.pch";
				GCC_PREPROCESSOR_DEFINITIONS = (
					"DEBUG=1",
					"$(inherited)",
				);
				INFOPLIST_FILE = "GPS&MapTests/GPS&MapTests-Info.plist";
				PRODUCT_NAME = "$(TARGET_NAME)";
				TEST_HOST = "$(BUNDLE_LOADER)";
				WRAPPER_EXTENSION = xctest;
			};
			name = Debug;
		};
		1806B5171900B5CB00315B0A /* Release */ = {
			isa = XCBuildConfiguration;
			buildSettings = {
				ARCHS = "$(ARCHS_STANDARD_INCLUDING_64_BIT)";
				BUNDLE_LOADER = "$(BUILT_PRODUCTS_DIR)/GPS&Map.app/GPS&Map";
				FRAMEWORK_SEARCH_PATHS = (
					"$(SDKROOT)/Developer/Library/Frameworks",
					"$(inherited)",
					"$(DEVELOPER_FRAMEWORKS_DIR)",
				);
				GCC_PRECOMPILE_PREFIX_HEADER = YES;
				GCC_PREFIX_HEADER = "GPS&Map/GPS&Map-Prefix.pch";
				INFOPLIST_FILE = "GPS&MapTests/GPS&MapTests-Info.plist";
				PRODUCT_NAME = "$(TARGET_NAME)";
				TEST_HOST = "$(BUNDLE_LOADER)";
				WRAPPER_EXTENSION = xctest;
			};
			name = Release;
		};
/* End XCBuildConfiguration section */

/* Begin XCConfigurationList section */
		1806B4E11900B5CA00315B0A /* Build configuration list for PBXProject "GPS&Map" */ = {
			isa = XCConfigurationList;
			buildConfigurations = (
				1806B5101900B5CB00315B0A /* Debug */,
				1806B5111900B5CB00315B0A /* Release */,
			);
			defaultConfigurationIsVisible = 0;
			defaultConfigurationName = Release;
		};
		1806B5121900B5CB00315B0A /* Build configuration list for PBXNativeTarget "GPS&Map" */ = {
			isa = XCConfigurationList;
			buildConfigurations = (
				1806B5131900B5CB00315B0A /* Debug */,
				1806B5141900B5CB00315B0A /* Release */,
			);
			defaultConfigurationIsVisible = 0;
		};
		1806B5151900B5CB00315B0A /* Build configuration list for PBXNativeTarget "GPS&MapTests" */ = {
			isa = XCConfigurationList;
			buildConfigurations = (
				1806B5161900B5CB00315B0A /* Debug */,
				1806B5171900B5CB00315B0A /* Release */,
			);
			defaultConfigurationIsVisible = 0;
		};
/* End XCConfigurationList section */
	};
	rootObject = 1806B4DE1900B5CA00315B0A /* Project object */;
}
